{
  "originHash" : "2d879d3d8a287717f76a126493b5203b5faafed696dd58cc0bdee0d461eab7c2",
  "pins" : [
    {
      "identity" : "maccontrolcenterui",
      "kind" : "remoteSourceControl",
      "location" : "https://github.com/orchetect/MacControlCenterUI",
      "state" : {
        "revision" : "dea72a51feaae72ca2d88a7af24d86110e002eaa",
        "version" : "2.7.3"
      }
    },
    {
      "identity" : "menubarextraaccess",
      "kind" : "remoteSourceControl",
      "location" : "https://github.com/orchetect/MenuBarExtraAccess",
      "state" : {
        "revision" : "33bb0e4b1e407feac791e047dcaaf9c69b25fd26",
        "version" : "1.3.0"
      }
    }
  ],
  "version" : 3
}
